
Microsoft Visual Studio Solution File, Format Version 12.00
# Visual Studio Version 17
VisualStudioVersion = 17.0.31903.59
MinimumVisualStudioVersion = 10.0.40219.1
Project("{2150E333-8FDC-42A3-9474-1A3956D46DE8}") = "src", "src", "{827E0CD3-B72D-47B6-A68D-7590B98EB39B}"
EndProject
Project("{FAE04EC0-301F-11D3-BF4B-00C04F79EFBC}") = "AllInOne.Sdk", "src\AllInOne.Sdk\AllInOne.Sdk.csproj", "{0F4D8A6B-8C24-4A8D-9D72-1CCFDE03E3B3}"
EndProject
Project("{FAE04EC0-301F-11D3-BF4B-00C04F79EFBC}") = "AllInOne.Core", "src\AllInOne.Core\AllInOne.Core.csproj", "{A79B5AC7-1C81-474D-A02D-F9FA5FF5A9F1}"
EndProject
Project("{FAE04EC0-301F-11D3-BF4B-00C04F79EFBC}") = "AllInOne.Ui", "src\AllInOne.Ui\AllInOne.Ui.csproj", "{AB7B691A-8741-48D9-9ECD-8123CBCBF9ED}"
EndProject
Project("{FAE04EC0-301F-11D3-BF4B-00C04F79EFBC}") = "AllInOne.Host", "src\AllInOne.Host\AllInOne.Host.csproj", "{DC2421E3-D671-400D-ABE3-96113904967A}"
EndProject
Project("{FAE04EC0-301F-11D3-BF4B-00C04F79EFBC}") = "AllInOne.Modules.ShutdownTimer", "modules\AllInOne.Modules.ShutdownTimer\AllInOne.Modules.ShutdownTimer.csproj", "{DA188255-7135-4D1F-9F35-875CB294936E}"
EndProject
Project("{FAE04EC0-301F-11D3-BF4B-00C04F79EFBC}") = "AllInOne.Modules.TgWsProxy", "modules\AllInOne.Modules.TgWsProxy\AllInOne.Modules.TgWsProxy.csproj", "{0A305F46-8055-46F7-99A1-07CD0A4C7A15}"
EndProject
Project("{FAE04EC0-301F-11D3-BF4B-00C04F79EFBC}") = "AllInOne.Modules.Zapret", "modules\AllInOne.Modules.Zapret\AllInOne.Modules.Zapret.csproj", "{27D71FDE-46D8-4F8E-83F7-B7AFA713B8A3}"
EndProject
Project("{2150E333-8FDC-42A3-9474-1A3956D46DE8}") = "tests", "tests", "{0AB3BF05-4346-4AA6-1389-037BE0695223}"
EndProject
Project("{FAE04EC0-301F-11D3-BF4B-00C04F79EFBC}") = "AllInOne.Tests", "tests\AllInOne.Tests\AllInOne.Tests.csproj", "{F902C4EB-6D20-4619-A1AD-E8D0F9625361}"
EndProject
Global
	GlobalSection(SolutionConfigurationPlatforms) = preSolution
		Debug|Any CPU = Debug|Any CPU
		Debug|x64 = Debug|x64
		Debug|x86 = Debug|x86
		Release|Any CPU = Release|Any CPU
		Release|x64 = Release|x64
		Release|x86 = Release|x86
	EndGlobalSection
	GlobalSection(ProjectConfigurationPlatforms) = postSolution
		{0F4D8A6B-8C24-4A8D-9D72-1CCFDE03E3B3}.Debug|Any CPU.ActiveCfg = Debug|x64
		{0F4D8A6B-8C24-4A8D-9D72-1CCFDE03E3B3}.Debug|Any CPU.Build.0 = Debug|x64
		{0F4D8A6B-8C24-4A8D-9D72-1CCFDE03E3B3}.Debug|x64.ActiveCfg = Debug|x64
		{0F4D8A6B-8C24-4A8D-9D72-1CCFDE03E3B3}.Debug|x64.Build.0 = Debug|x64
		{0F4D8A6B-8C24-4A8D-9D72-1CCFDE03E3B3}.Debug|x86.ActiveCfg = Debug|x64
		{0F4D8A6B-8C24-4A8D-9D72-1CCFDE03E3B3}.Debug|x86.Build.0 = Debug|x64
		{0F4D8A6B-8C24-4A8D-9D72-1CCFDE03E3B3}.Release|Any CPU.ActiveCfg = Release|x64
		{0F4D8A6B-8C24-4A8D-9D72-1CCFDE03E3B3}.Release|Any CPU.Build.0 = Release|x64
		{0F4D8A6B-8C24-4A8D-9D72-1CCFDE03E3B3}.Release|x64.ActiveCfg = Release|x64
		{0F4D8A6B-8C24-4A8D-9D72-1CCFDE03E3B3}.Release|x64.Build.0 = Release|x64
		{0F4D8A6B-8C24-4A8D-9D72-1CCFDE03E3B3}.Release|x86.ActiveCfg = Release|x64
		{0F4D8A6B-8C24-4A8D-9D72-1CCFDE03E3B3}.Release|x86.Build.0 = Release|x64
		{A79B5AC7-1C81-474D-A02D-F9FA5FF5A9F1}.Debug|Any CPU.ActiveCfg = Debug|x64
		{A79B5AC7-1C81-474D-A02D-F9FA5FF5A9F1}.Debug|Any CPU.Build.0 = Debug|x64
		{A79B5AC7-1C81-474D-A02D-F9FA5FF5A9F1}.Debug|x64.ActiveCfg = Debug|x64
		{A79B5AC7-1C81-474D-A02D-F9FA5FF5A9F1}.Debug|x64.Build.0 = Debug|x64
		{A79B5AC7-1C81-474D-A02D-F9FA5FF5A9F1}.Debug|x86.ActiveCfg = Debug|x64
		{A79B5AC7-1C81-474D-A02D-F9FA5FF5A9F1}.Debug|x86.Build.0 = Debug|x64
		{A79B5AC7-1C81-474D-A02D-F9FA5FF5A9F1}.Release|Any CPU.ActiveCfg = Release|x64
		{A79B5AC7-1C81-474D-A02D-F9FA5FF5A9F1}.Release|Any CPU.Build.0 = Release|x64
		{A79B5AC7-1C81-474D-A02D-F9FA5FF5A9F1}.Release|x64.ActiveCfg = Release|x64
		{A79B5AC7-1C81-474D-A02D-F9FA5FF5A9F1}.Release|x64.Build.0 = Release|x64
		{A79B5AC7-1C81-474D-A02D-F9FA5FF5A9F1}.Release|x86.ActiveCfg = Release|x64
		{A79B5AC7-1C81-474D-A02D-F9FA5FF5A9F1}.Release|x86.Build.0 = Release|x64
		{AB7B691A-8741-48D9-9ECD-8123CBCBF9ED}.Debug|Any CPU.ActiveCfg = Debug|x64
		{AB7B691A-8741-48D9-9ECD-8123CBCBF9ED}.Debug|Any CPU.Build.0 = Debug|x64
		{AB7B691A-8741-48D9-9ECD-8123CBCBF9ED}.Debug|x64.ActiveCfg = Debug|x64
		{AB7B691A-8741-48D9-9ECD-8123CBCBF9ED}.Debug|x64.Build.0 = Debug|x64
		{AB7B691A-8741-48D9-9ECD-8123CBCBF9ED}.Debug|x86.ActiveCfg = Debug|x64
		{AB7B691A-8741-48D9-9ECD-8123CBCBF9ED}.Debug|x86.Build.0 = Debug|x64
		{AB7B691A-8741-48D9-9ECD-8123CBCBF9ED}.Release|Any CPU.ActiveCfg = Release|x64
		{AB7B691A-8741-48D9-9ECD-8123CBCBF9ED}.Release|Any CPU.Build.0 = Release|x64
		{AB7B691A-8741-48D9-9ECD-8123CBCBF9ED}.Release|x64.ActiveCfg = Release|x64
		{AB7B691A-8741-48D9-9ECD-8123CBCBF9ED}.Release|x64.Build.0 = Release|x64
		{AB7B691A-8741-48D9-9ECD-8123CBCBF9ED}.Release|x86.ActiveCfg = Release|x64
		{AB7B691A-8741-48D9-9ECD-8123CBCBF9ED}.Release|x86.Build.0 = Release|x64
		{DC2421E3-D671-400D-ABE3-96113904967A}.Debug|Any CPU.ActiveCfg = Debug|x64
		{DC2421E3-D671-400D-ABE3-96113904967A}.Debug|Any CPU.Build.0 = Debug|x64
		{DC2421E3-D671-400D-ABE3-96113904967A}.Debug|x64.ActiveCfg = Debug|x64
		{DC2421E3-D671-400D-ABE3-96113904967A}.Debug|x64.Build.0 = Debug|x64
		{DC2421E3-D671-400D-ABE3-96113904967A}.Debug|x86.ActiveCfg = Debug|x64
		{DC2421E3-D671-400D-ABE3-96113904967A}.Debug|x86.Build.0 = Debug|x64
		{DC2421E3-D671-400D-ABE3-96113904967A}.Release|Any CPU.ActiveCfg = Release|x64
		{DC2421E3-D671-400D-ABE3-96113904967A}.Release|Any CPU.Build.0 = Release|x64
		{DC2421E3-D671-400D-ABE3-96113904967A}.Release|x64.ActiveCfg = Release|x64
		{DC2421E3-D671-400D-ABE3-96113904967A}.Release|x64.Build.0 = Release|x64
		{DC2421E3-D671-400D-ABE3-96113904967A}.Release|x86.ActiveCfg = Release|x64
		{DC2421E3-D671-400D-ABE3-96113904967A}.Release|x86.Build.0 = Release|x64
		{DA188255-7135-4D1F-9F35-875CB294936E}.Debug|Any CPU.ActiveCfg = Debug|x64
		{DA188255-7135-4D1F-9F35-875CB294936E}.Debug|Any CPU.Build.0 = Debug|x64
		{DA188255-7135-4D1F-9F35-875CB294936E}.Debug|x64.ActiveCfg = Debug|x64
		{DA188255-7135-4D1F-9F35-875CB294936E}.Debug|x64.Build.0 = Debug|x64
		{DA188255-7135-4D1F-9F35-875CB294936E}.Debug|x86.ActiveCfg = Debug|x64
		{DA188255-7135-4D1F-9F35-875CB294936E}.Debug|x86.Build.0 = Debug|x64
		{DA188255-7135-4D1F-9F35-875CB294936E}.Release|Any CPU.ActiveCfg = Release|x64
		{DA188255-7135-4D1F-9F35-875CB294936E}.Release|Any CPU.Build.0 = Release|x64
		{DA188255-7135-4D1F-9F35-875CB294936E}.Release|x64.ActiveCfg = Release|x64
		{DA188255-7135-4D1F-9F35-875CB294936E}.Release|x64.Build.0 = Release|x64
		{DA188255-7135-4D1F-9F35-875CB294936E}.Release|x86.ActiveCfg = Release|x64
		{DA188255-7135-4D1F-9F35-875CB294936E}.Release|x86.Build.0 = Release|x64
		{0A305F46-8055-46F7-99A1-07CD0A4C7A15}.Debug|Any CPU.ActiveCfg = Debug|x64
		{0A305F46-8055-46F7-99A1-07CD0A4C7A15}.Debug|Any CPU.Build.0 = Debug|x64
		{0A305F46-8055-46F7-99A1-07CD0A4C7A15}.Debug|x64.ActiveCfg = Debug|x64
		{0A305F46-8055-46F7-99A1-07CD0A4C7A15}.Debug|x64.Build.0 = Debug|x64
		{0A305F46-8055-46F7-99A1-07CD0A4C7A15}.Debug|x86.ActiveCfg = Debug|x64
		{0A305F46-8055-46F7-99A1-07CD0A4C7A15}.Debug|x86.Build.0 = Debug|x64
		{0A305F46-8055-46F7-99A1-07CD0A4C7A15}.Release|Any CPU.ActiveCfg = Release|x64
		{0A305F46-8055-46F7-99A1-07CD0A4C7A15}.Release|Any CPU.Build.0 = Release|x64
		{0A305F46-8055-46F7-99A1-07CD0A4C7A15}.Release|x64.ActiveCfg = Release|x64
		{0A305F46-8055-46F7-99A1-07CD0A4C7A15}.Release|x64.Build.0 = Release|x64
		{0A305F46-8055-46F7-99A1-07CD0A4C7A15}.Release|x86.ActiveCfg = Release|x64
		{0A305F46-8055-46F7-99A1-07CD0A4C7A15}.Release|x86.Build.0 = Release|x64
		{27D71FDE-46D8-4F8E-83F7-B7AFA713B8A3}.Debug|Any CPU.ActiveCfg = Debug|x64
		{27D71FDE-46D8-4F8E-83F7-B7AFA713B8A3}.Debug|Any CPU.Build.0 = Debug|x64
		{27D71FDE-46D8-4F8E-83F7-B7AFA713B8A3}.Debug|x64.ActiveCfg = Debug|x64
		{27D71FDE-46D8-4F8E-83F7-B7AFA713B8A3}.Debug|x64.Build.0 = Debug|x64
		{27D71FDE-46D8-4F8E-83F7-B7AFA713B8A3}.Debug|x86.ActiveCfg = Debug|x64
		{27D71FDE-46D8-4F8E-83F7-B7AFA713B8A3}.Debug|x86.Build.0 = Debug|x64
		{27D71FDE-46D8-4F8E-83F7-B7AFA713B8A3}.Release|Any CPU.ActiveCfg = Release|x64
		{27D71FDE-46D8-4F8E-83F7-B7AFA713B8A3}.Release|Any CPU.Build.0 = Release|x64
		{27D71FDE-46D8-4F8E-83F7-B7AFA713B8A3}.Release|x64.ActiveCfg = Release|x64
		{27D71FDE-46D8-4F8E-83F7-B7AFA713B8A3}.Release|x64.Build.0 = Release|x64
		{27D71FDE-46D8-4F8E-83F7-B7AFA713B8A3}.Release|x86.ActiveCfg = Release|x64
		{27D71FDE-46D8-4F8E-83F7-B7AFA713B8A3}.Release|x86.Build.0 = Release|x64
		{F902C4EB-6D20-4619-A1AD-E8D0F9625361}.Debug|Any CPU.ActiveCfg = Debug|x64
		{F902C4EB-6D20-4619-A1AD-E8D0F9625361}.Debug|Any CPU.Build.0 = Debug|x64
		{F902C4EB-6D20-4619-A1AD-E8D0F9625361}.Debug|x64.ActiveCfg = Debug|x64
		{F902C4EB-6D20-4619-A1AD-E8D0F9625361}.Debug|x64.Build.0 = Debug|x64
		{F902C4EB-6D20-4619-A1AD-E8D0F9625361}.Debug|x86.ActiveCfg = Debug|x64
		{F902C4EB-6D20-4619-A1AD-E8D0F9625361}.Debug|x86.Build.0 = Debug|x64
		{F902C4EB-6D20-4619-A1AD-E8D0F9625361}.Release|Any CPU.ActiveCfg = Release|x64
		{F902C4EB-6D20-4619-A1AD-E8D0F9625361}.Release|Any CPU.Build.0 = Release|x64
		{F902C4EB-6D20-4619-A1AD-E8D0F9625361}.Release|x64.ActiveCfg = Release|x64
		{F902C4EB-6D20-4619-A1AD-E8D0F9625361}.Release|x64.Build.0 = Release|x64
		{F902C4EB-6D20-4619-A1AD-E8D0F9625361}.Release|x86.ActiveCfg = Release|x64
		{F902C4EB-6D20-4619-A1AD-E8D0F9625361}.Release|x86.Build.0 = Release|x64
	EndGlobalSection
	GlobalSection(SolutionProperties) = preSolution
		HideSolutionNode = FALSE
	EndGlobalSection
	GlobalSection(NestedProjects) = preSolution
		{0F4D8A6B-8C24-4A8D-9D72-1CCFDE03E3B3} = {827E0CD3-B72D-47B6-A68D-7590B98EB39B}
		{A79B5AC7-1C81-474D-A02D-F9FA5FF5A9F1} = {827E0CD3-B72D-47B6-A68D-7590B98EB39B}
		{AB7B691A-8741-48D9-9ECD-8123CBCBF9ED} = {827E0CD3-B72D-47B6-A68D-7590B98EB39B}
		{DC2421E3-D671-400D-ABE3-96113904967A} = {827E0CD3-B72D-47B6-A68D-7590B98EB39B}
		{DA188255-7135-4D1F-9F35-875CB294936E} = {827E0CD3-B72D-47B6-A68D-7590B98EB39B}
		{0A305F46-8055-46F7-99A1-07CD0A4C7A15} = {827E0CD3-B72D-47B6-A68D-7590B98EB39B}
		{27D71FDE-46D8-4F8E-83F7-B7AFA713B8A3} = {827E0CD3-B72D-47B6-A68D-7590B98EB39B}
		{F902C4EB-6D20-4619-A1AD-E8D0F9625361} = {0AB3BF05-4346-4AA6-1389-037BE0695223}
	EndGlobalSection
EndGlobal
